
Microsoft Visual Studio Solution File, Format Version 12.00
# Visual Studio Version 17
VisualStudioVersion = 17.5.33326.253
MinimumVisualStudioVersion = 10.0.40219.1
Project("{9A19103F-16F7-4668-BE54-9A1E7A4F7556}") = "agilpay-client", "agilpay-client\agilpay-client.csproj", "{964BECDB-D543-4BB7-BCE4-ED3A8A7C9735}"
EndProject
Project("{9A19103F-16F7-4668-BE54-9A1E7A4F7556}") = "console-sample", "console-sample\console-sample.csproj", "{67AE1745-4628-425B-B3CA-0D8147F4D9C3}"
EndProject
Project("{2150E333-8FDC-42A3-9474-1A3956D46DE8}") = "Solution Items", "Solution Items", "{2A93FB68-C985-40A1-A4E6-9F8A7F5D95E4}"
	ProjectSection(SolutionItems) = preProject
		.gitignore = .gitignore
		README.md = README.md
	EndProjectSection
EndProject
Global
	GlobalSection(SolutionConfigurationPlatforms) = preSolution
		Debug|Any CPU = Debug|Any CPU
		Release|Any CPU = Release|Any CPU
	EndGlobalSection
	GlobalSection(ProjectConfigurationPlatforms) = postSolution
		{964BECDB-D543-4BB7-BCE4-ED3A8A7C9735}.Debug|Any CPU.ActiveCfg = Debug|Any CPU
		{964BECDB-D543-4BB7-BCE4-ED3A8A7C9735}.Debug|Any CPU.Build.0 = Debug|Any CPU
		{964BECDB-D543-4BB7-BCE4-ED3A8A7C9735}.Release|Any CPU.ActiveCfg = Release|Any CPU
		{964BECDB-D543-4BB7-BCE4-ED3A8A7C9735}.Release|Any CPU.Build.0 = Release|Any CPU
		{67AE1745-4628-425B-B3CA-0D8147F4D9C3}.Debug|Any CPU.ActiveCfg = Debug|Any CPU
		{67AE1745-4628-425B-B3CA-0D8147F4D9C3}.Debug|Any CPU.Build.0 = Debug|Any CPU
		{67AE1745-4628-425B-B3CA-0D8147F4D9C3}.Release|Any CPU.ActiveCfg = Release|Any CPU
		{67AE1745-4628-425B-B3CA-0D8147F4D9C3}.Release|Any CPU.Build.0 = Release|Any CPU
	EndGlobalSection
	GlobalSection(SolutionProperties) = preSolution
		HideSolutionNode = FALSE
	EndGlobalSection
	GlobalSection(ExtensibilityGlobals) = postSolution
		SolutionGuid = {79612E8B-9426-4F4E-919B-DCD1D894F160}
	EndGlobalSection
EndGlobal
